// !$*UTF8*$!
{
	archiveVersion = 1;
	classes = {
	};
	objectVersion = 46;
	objects = {

/* Begin PBXBuildFile section */
		44F84B0E1E05634A0038158C /* AppDelegate.swift in Sources */ = {isa = PBXBuildFile; fileRef = 44F84B0D1E05634A0038158C /* AppDelegate.swift */; };
		44F84B101E05634A0038158C /* FirstViewController.swift in Sources */ = {isa = PBXBuildFile; fileRef = 44F84B0F1E05634A0038158C /* FirstViewController.swift */; };
		44F84B121E05634A0038158C /* SecondViewController.swift in Sources */ = {isa = PBXBuildFile; fileRef = 44F84B111E05634A0038158C /* SecondViewController.swift */; };
		44F84B151E05634A0038158C /* Main.storyboard in Resources */ = {isa = PBXBuildFile; fileRef = 44F84B131E05634A0038158C /* Main.storyboard */; };
		44F84B171E05634A0038158C /* Assets.xcassets in Resources */ = {isa = PBXBuildFile; fileRef = 44F84B161E05634A0038158C /* Assets.xcassets */; };
		44F84B1A1E05634A0038158C /* LaunchScreen.storyboard in Resources */ = {isa = PBXBuildFile; fileRef = 44F84B181E05634A0038158C /* LaunchScreen.storyboard */; };
		44F84B251E05634A0038158C /* QASampleAppTests.swift in Sources */ = {isa = PBXBuildFile; fileRef = 44F84B241E05634A0038158C /* QASampleAppTests.swift */; };
		44F84B301E05634A0038158C /* QASampleAppUITests.swift in Sources */ = {isa = PBXBuildFile; fileRef = 44F84B2F1E05634A0038158C /* QASampleAppUITests.swift */; };
		44F84B3E1E0564890038158C /* QnAViewController.swift in Sources */ = {isa = PBXBuildFile; fileRef = 44F84B3D1E0564890038158C /* QnAViewController.swift */; };
		44F84B411E056F1D0038158C /* SwiftyJSON.swift in Sources */ = {isa = PBXBuildFile; fileRef = 44F84B401E056F1D0038158C /* SwiftyJSON.swift */; };
		44F84B441E0582B60038158C /* QnAModel.swift in Sources */ = {isa = PBXBuildFile; fileRef = 44F84B431E0582B60038158C /* QnAModel.swift */; };
		44F84B461E0597220038158C /* AppConfiguration.swift in Sources */ = {isa = PBXBuildFile; fileRef = 44F84B451E0597220038158C /* AppConfiguration.swift */; };
		44F84B481E0598800038158C /* Utility.swift in Sources */ = {isa = PBXBuildFile; fileRef = 44F84B471E0598800038158C /* Utility.swift */; };
		44F84B4A1E05B2C30038158C /* QnAAnswerTableViewCell.swift in Sources */ = {isa = PBXBuildFile; fileRef = 44F84B491E05B2C30038158C /* QnAAnswerTableViewCell.swift */; };
		44F84B4C1E05B2E00038158C /* QnAEmptyAnswerTableViewCell.swift in Sources */ = {isa = PBXBuildFile; fileRef = 44F84B4B1E05B2E00038158C /* QnAEmptyAnswerTableViewCell.swift */; };
		44F84B521E05C83E0038158C /* AskQuestionHeaderCell.swift in Sources */ = {isa = PBXBuildFile; fileRef = 44F84B511E05C83E0038158C /* AskQuestionHeaderCell.swift */; };
/* End PBXBuildFile section */

/* Begin PBXContainerItemProxy section */
		44F84B211E05634A0038158C /* PBXContainerItemProxy */ = {
			isa = PBXContainerItemProxy;
			containerPortal = 44F84B021E05634A0038158C /* Project object */;
			proxyType = 1;
			remoteGlobalIDString = 44F84B091E05634A0038158C;
			remoteInfo = QASampleApp;
		};
		44F84B2C1E05634A0038158C /* PBXContainerItemProxy */ = {
			isa = PBXContainerItemProxy;
			containerPortal = 44F84B021E05634A0038158C /* Project object */;
			proxyType = 1;
			remoteGlobalIDString = 44F84B091E05634A0038158C;
			remoteInfo = QASampleApp;
		};
/* End PBXContainerItemProxy section */

/* Begin PBXFileReference section */
		44F84B0A1E05634A0038158C /* QASampleApp.app */ = {isa = PBXFileReference; explicitFileType = wrapper.application; includeInIndex = 0; path = QASampleApp.app; sourceTree = BUILT_PRODUCTS_DIR; };
		44F84B0D1E05634A0038158C /* AppDelegate.swift */ = {isa = PBXFileReference; lastKnownFileType = sourcecode.swift; path = AppDelegate.swift; sourceTree = "<group>"; };
		44F84B0F1E05634A0038158C /* FirstViewController.swift */ = {isa = PBXFileReference; lastKnownFileType = sourcecode.swift; path = FirstViewController.swift; sourceTree = "<group>"; };
		44F84B111E05634A0038158C /* SecondViewController.swift */ = {isa = PBXFileReference; lastKnownFileType = sourcecode.swift; path = SecondViewController.swift; sourceTree = "<group>"; };
		44F84B141E05634A0038158C /* Base */ = {isa = PBXFileReference; lastKnownFileType = file.storyboard; name = Base; path = Base.lproj/Main.storyboard; sourceTree = "<group>"; };
		44F84B161E05634A0038158C /* Assets.xcassets */ = {isa = PBXFileReference; lastKnownFileType = folder.assetcatalog; path = Assets.xcassets; sourceTree = "<group>"; };
		44F84B191E05634A0038158C /* Base */ = {isa = PBXFileReference; lastKnownFileType = file.storyboard; name = Base; path = Base.lproj/LaunchScreen.storyboard; sourceTree = "<group>"; };
		44F84B1B1E05634A0038158C /* Info.plist */ = {isa = PBXFileReference; lastKnownFileType = text.plist.xml; path = Info.plist; sourceTree = "<group>"; };
		44F84B201E05634A0038158C /* QASampleAppTests.xctest */ = {isa = PBXFileReference; explicitFileType = wrapper.cfbundle; includeInIndex = 0; path = QASampleAppTests.xctest; sourceTree = BUILT_PRODUCTS_DIR; };
		44F84B241E05634A0038158C /* QASampleAppTests.swift */ = {isa = PBXFileReference; lastKnownFileType = sourcecode.swift; path = QASampleAppTests.swift; sourceTree = "<group>"; };
		44F84B261E05634A0038158C /* Info.plist */ = {isa = PBXFileReference; lastKnownFileType = text.plist.xml; path = Info.plist; sourceTree = "<group>"; };
		44F84B2B1E05634A0038158C /* QASampleAppUITests.xctest */ = {isa = PBXFileReference; explicitFileType = wrapper.cfbundle; includeInIndex = 0; path = QASampleAppUITests.xctest; sourceTree = BUILT_PRODUCTS_DIR; };
		44F84B2F1E05634A0038158C /* QASampleAppUITests.swift */ = {isa = PBXFileReference; lastKnownFileType = sourcecode.swift; path = QASampleAppUITests.swift; sourceTree = "<group>"; };
		44F84B311E05634A0038158C /* Info.plist */ = {isa = PBXFileReference; lastKnownFileType = text.plist.xml; path = Info.plist; sourceTree = "<group>"; };
		44F84B3D1E0564890038158C /* QnAViewController.swift */ = {isa = PBXFileReference; fileEncoding = 4; lastKnownFileType = sourcecode.swift; path = QnAViewController.swift; sourceTree = "<group>"; };
		44F84B401E056F1D0038158C /* SwiftyJSON.swift */ = {isa = PBXFileReference; fileEncoding = 4; lastKnownFileType = sourcecode.swift; path = SwiftyJSON.swift; sourceTree = "<group>"; };
		44F84B431E0582B60038158C /* QnAModel.swift */ = {isa = PBXFileReference; fileEncoding = 4; lastKnownFileType = sourcecode.swift; path = QnAModel.swift; sourceTree = "<group>"; };
		44F84B451E0597220038158C /* AppConfiguration.swift */ = {isa = PBXFileReference; fileEncoding = 4; lastKnownFileType = sourcecode.swift; path = AppConfiguration.swift; sourceTree = "<group>"; };
		44F84B471E0598800038158C /* Utility.swift */ = {isa = PBXFileReference; fileEncoding = 4; lastKnownFileType = sourcecode.swift; path = Utility.swift; sourceTree = "<group>"; };
		44F84B491E05B2C30038158C /* QnAAnswerTableViewCell.swift */ = {isa = PBXFileReference; fileEncoding = 4; lastKnownFileType = sourcecode.swift; path = QnAAnswerTableViewCell.swift; sourceTree = "<group>"; };
		44F84B4B1E05B2E00038158C /* QnAEmptyAnswerTableViewCell.swift */ = {isa = PBXFileReference; fileEncoding = 4; lastKnownFileType = sourcecode.swift; path = QnAEmptyAnswerTableViewCell.swift; sourceTree = "<group>"; };
		44F84B511E05C83E0038158C /* AskQuestionHeaderCell.swift */ = {isa = PBXFileReference; fileEncoding = 4; lastKnownFileType = sourcecode.swift; path = AskQuestionHeaderCell.swift; sourceTree = "<group>"; };
/* End PBXFileReference section */

/* Begin PBXFrameworksBuildPhase section */
		44F84B071E05634A0038158C /* Frameworks */ = {
			isa = PBXFrameworksBuildPhase;
			buildActionMask = 2147483647;
			files = (
			);
			runOnlyForDeploymentPostprocessing = 0;
		};
		44F84B1D1E05634A0038158C /* Frameworks */ = {
			isa = PBXFrameworksBuildPhase;
			buildActionMask = 2147483647;
			files = (
			);
			runOnlyForDeploymentPostprocessing = 0;
		};
		44F84B281E05634A0038158C /* Frameworks */ = {
			isa = PBXFrameworksBuildPhase;
			buildActionMask = 2147483647;
			files = (
			);
			runOnlyForDeploymentPostprocessing = 0;
		};
/* End PBXFrameworksBuildPhase section */

/* Begin PBXGroup section */
		44F84B011E05634A0038158C = {
			isa = PBXGroup;
			children = (
				44F84B0C1E05634A0038158C /* QASampleApp */,
				44F84B231E05634A0038158C /* QASampleAppTests */,
				44F84B2E1E05634A0038158C /* QASampleAppUITests */,
				44F84B0B1E05634A0038158C /* Products */,
			);
			sourceTree = "<group>";
		};
		44F84B0B1E05634A0038158C /* Products */ = {
			isa = PBXGroup;
			children = (
				44F84B0A1E05634A0038158C /* QASampleApp.app */,
				44F84B201E05634A0038158C /* QASampleAppTests.xctest */,
				44F84B2B1E05634A0038158C /* QASampleAppUITests.xctest */,
			);
			name = Products;
			sourceTree = "<group>";
		};
		44F84B0C1E05634A0038158C /* QASampleApp */ = {
			isa = PBXGroup;
			children = (
				44F84B421E0582950038158C /* QnA */,
				44F84B0D1E05634A0038158C /* AppDelegate.swift */,
				44F84B0F1E05634A0038158C /* FirstViewController.swift */,
				44F84B111E05634A0038158C /* SecondViewController.swift */,
				44F84B131E05634A0038158C /* Main.storyboard */,
				44F84B161E05634A0038158C /* Assets.xcassets */,
				44F84B181E05634A0038158C /* LaunchScreen.storyboard */,
				44F84B1B1E05634A0038158C /* Info.plist */,
				44F84B451E0597220038158C /* AppConfiguration.swift */,
				44F84B471E0598800038158C /* Utility.swift */,
				44F84B3F1E056E580038158C /* Third Party */,
			);
			path = QASampleApp;
			sourceTree = "<group>";
		};
		44F84B231E05634A0038158C /* QASampleAppTests */ = {
			isa = PBXGroup;
			children = (
				44F84B241E05634A0038158C /* QASampleAppTests.swift */,
				44F84B261E05634A0038158C /* Info.plist */,
			);
			path = QASampleAppTests;
			sourceTree = "<group>";
		};
		44F84B2E1E05634A0038158C /* QASampleAppUITests */ = {
			isa = PBXGroup;
			children = (
				44F84B2F1E05634A0038158C /* QASampleAppUITests.swift */,
				44F84B311E05634A0038158C /* Info.plist */,
			);
			path = QASampleAppUITests;
			sourceTree = "<group>";
		};
		44F84B3F1E056E580038158C /* Third Party */ = {
			isa = PBXGroup;
			children = (
				44F84B401E056F1D0038158C /* SwiftyJSON.swift */,
			);
			name = "Third Party";
			sourceTree = "<group>";
		};
		44F84B421E0582950038158C /* QnA */ = {
			isa = PBXGroup;
			children = (
				44F84B3D1E0564890038158C /* QnAViewController.swift */,
				44F84B431E0582B60038158C /* QnAModel.swift */,
				44F84B491E05B2C30038158C /* QnAAnswerTableViewCell.swift */,
				44F84B4B1E05B2E00038158C /* QnAEmptyAnswerTableViewCell.swift */,
				44F84B511E05C83E0038158C /* AskQuestionHeaderCell.swift */,
			);
			name = QnA;
			sourceTree = "<group>";
		};
/* End PBXGroup section */

/* Begin PBXNativeTarget section */
		44F84B091E05634A0038158C /* QASampleApp */ = {
			isa = PBXNativeTarget;
			buildConfigurationList = 44F84B341E05634A0038158C /* Build configuration list for PBXNativeTarget "QASampleApp" */;
			buildPhases = (
				44F84B061E05634A0038158C /* Sources */,
				44F84B071E05634A0038158C /* Frameworks */,
				44F84B081E05634A0038158C /* Resources */,
			);
			buildRules = (
			);
			dependencies = (
			);
			name = QASampleApp;
			productName = QASampleApp;
			productReference = 44F84B0A1E05634A0038158C /* QASampleApp.app */;
			productType = "com.apple.product-type.application";
		};
		44F84B1F1E05634A0038158C /* QASampleAppTests */ = {
			isa = PBXNativeTarget;
			buildConfigurationList = 44F84B371E05634A0038158C /* Build configuration list for PBXNativeTarget "QASampleAppTests" */;
			buildPhases = (
				44F84B1C1E05634A0038158C /* Sources */,
				44F84B1D1E05634A0038158C /* Frameworks */,
				44F84B1E1E05634A0038158C /* Resources */,
			);
			buildRules = (
			);
			dependencies = (
				44F84B221E05634A0038158C /* PBXTargetDependency */,
			);
			name = QASampleAppTests;
			productName = QASampleAppTests;
			productReference = 44F84B201E05634A0038158C /* QASampleAppTests.xctest */;
			productType = "com.apple.product-type.bundle.unit-test";
		};
		44F84B2A1E05634A0038158C /* QASampleAppUITests */ = {
			isa = PBXNativeTarget;
			buildConfigurationList = 44F84B3A1E05634A0038158C /* Build configuration list for PBXNativeTarget "QASampleAppUITests" */;
			buildPhases = (
				44F84B271E05634A0038158C /* Sources */,
				44F84B281E05634A0038158C /* Frameworks */,
				44F84B291E05634A0038158C /* Resources */,
			);
			buildRules = (
			);
			dependencies = (
				44F84B2D1E05634A0038158C /* PBXTargetDependency */,
			);
			name = QASampleAppUITests;
			productName = QASampleAppUITests;
			productReference = 44F84B2B1E05634A0038158C /* QASampleAppUITests.xctest */;
			productType = "com.apple.product-type.bundle.ui-testing";
		};
/* End PBXNativeTarget section */

/* Begin PBXProject section */
		44F84B021E05634A0038158C /* Project object */ = {
			isa = PBXProject;
			attributes = {
				LastSwiftUpdateCheck = 0810;
				LastUpgradeCheck = 0810;
				ORGANIZATIONNAME = "krishnika agarwal";
				TargetAttributes = {
					44F84B091E05634A0038158C = {
						CreatedOnToolsVersion = 8.1;
						ProvisioningStyle = Automatic;
					};
					44F84B1F1E05634A0038158C = {
						CreatedOnToolsVersion = 8.1;
						ProvisioningStyle = Automatic;
						TestTargetID = 44F84B091E05634A0038158C;
					};
					44F84B2A1E05634A0038158C = {
						CreatedOnToolsVersion = 8.1;
						ProvisioningStyle = Automatic;
						TestTargetID = 44F84B091E05634A0038158C;
					};
				};
			};
			buildConfigurationList = 44F84B051E05634A0038158C /* Build configuration list for PBXProject "QASampleApp" */;
			compatibilityVersion = "Xcode 3.2";
			developmentRegion = English;
			hasScannedForEncodings = 0;
			knownRegions = (
				en,
				Base,
			);
			mainGroup = 44F84B011E05634A0038158C;
			productRefGroup = 44F84B0B1E05634A0038158C /* Products */;
			projectDirPath = "";
			projectRoot = "";
			targets = (
				44F84B091E05634A0038158C /* QASampleApp */,
				44F84B1F1E05634A0038158C /* QASampleAppTests */,
				44F84B2A1E05634A0038158C /* QASampleAppUITests */,
			);
		};
/* End PBXProject section */

/* Begin PBXResourcesBuildPhase section */
		44F84B081E05634A0038158C /* Resources */ = {
			isa = PBXResourcesBuildPhase;
			buildActionMask = 2147483647;
			files = (
				44F84B1A1E05634A0038158C /* LaunchScreen.storyboard in Resources */,
				44F84B171E05634A0038158C /* Assets.xcassets in Resources */,
				44F84B151E05634A0038158C /* Main.storyboard in Resources */,
			);
			runOnlyForDeploymentPostprocessing = 0;
		};
		44F84B1E1E05634A0038158C /* Resources */ = {
			isa = PBXResourcesBuildPhase;
			buildActionMask = 2147483647;
			files = (
			);
			runOnlyForDeploymentPostprocessing = 0;
		};
		44F84B291E05634A0038158C /* Resources */ = {
			isa = PBXResourcesBuildPhase;
			buildActionMask = 2147483647;
			files = (
			);
			runOnlyForDeploymentPostprocessing = 0;
		};
/* End PBXResourcesBuildPhase section */

/* Begin PBXSourcesBuildPhase section */
		44F84B061E05634A0038158C /* Sources */ = {
			isa = PBXSourcesBuildPhase;
			buildActionMask = 2147483647;
			files = (
				44F84B441E0582B60038158C /* QnAModel.swift in Sources */,
				44F84B121E05634A0038158C /* SecondViewController.swift in Sources */,
				44F84B3E1E0564890038158C /* QnAViewController.swift in Sources */,
				44F84B0E1E05634A0038158C /* AppDelegate.swift in Sources */,
				44F84B4C1E05B2E00038158C /* QnAEmptyAnswerTableViewCell.swift in Sources */,
				44F84B4A1E05B2C30038158C /* QnAAnswerTableViewCell.swift in Sources */,
				44F84B481E0598800038158C /* Utility.swift in Sources */,
				44F84B411E056F1D0038158C /* SwiftyJSON.swift in Sources */,
				44F84B461E0597220038158C /* AppConfiguration.swift in Sources */,
				44F84B101E05634A0038158C /* FirstViewController.swift in Sources */,
				44F84B521E05C83E0038158C /* AskQuestionHeaderCell.swift in Sources */,
			);
			runOnlyForDeploymentPostprocessing = 0;
		};
		44F84B1C1E05634A0038158C /* Sources */ = {
			isa = PBXSourcesBuildPhase;
			buildActionMask = 2147483647;
			files = (
				44F84B251E05634A0038158C /* QASampleAppTests.swift in Sources */,
			);
			runOnlyForDeploymentPostprocessing = 0;
		};
		44F84B271E05634A0038158C /* Sources */ = {
			isa = PBXSourcesBuildPhase;
			buildActionMask = 2147483647;
			files = (
				44F84B301E05634A0038158C /* QASampleAppUITests.swift in Sources */,
			);
			runOnlyForDeploymentPostprocessing = 0;
		};
/* End PBXSourcesBuildPhase section */

/* Begin PBXTargetDependency section */
		44F84B221E05634A0038158C /* PBXTargetDependency */ = {
			isa = PBXTargetDependency;
			target = 44F84B091E05634A0038158C /* QASampleApp */;
			targetProxy = 44F84B211E05634A0038158C /* PBXContainerItemProxy */;
		};
		44F84B2D1E05634A0038158C /* PBXTargetDependency */ = {
			isa = PBXTargetDependency;
			target = 44F84B091E05634A0038158C /* QASampleApp */;
			targetProxy = 44F84B2C1E05634A0038158C /* PBXContainerItemProxy */;
		};
/* End PBXTargetDependency section */

/* Begin PBXVariantGroup section */
		44F84B131E05634A0038158C /* Main.storyboard */ = {
			isa = PBXVariantGroup;
			children = (
				44F84B141E05634A0038158C /* Base */,
			);
			name = Main.storyboard;
			sourceTree = "<group>";
		};
		44F84B181E05634A0038158C /* LaunchScreen.storyboard */ = {
			isa = PBXVariantGroup;
			children = (
				44F84B191E05634A0038158C /* Base */,
			);
			name = LaunchScreen.storyboard;
			sourceTree = "<group>";
		};
/* End PBXVariantGroup section */

/* Begin XCBuildConfiguration section */
		44F84B321E05634A0038158C /* Debug */ = {
			isa = XCBuildConfiguration;
			buildSettings = {
				ALWAYS_SEARCH_USER_PATHS = NO;
				CLANG_ANALYZER_NONNULL = YES;
				CLANG_CXX_LANGUAGE_STANDARD = "gnu++0x";
				CLANG_CXX_LIBRARY = "libc++";
				CLANG_ENABLE_MODULES = YES;
				CLANG_ENABLE_OBJC_ARC = YES;
				CLANG_WARN_BOOL_CONVERSION = YES;
				CLANG_WARN_CONSTANT_CONVERSION = YES;
				CLANG_WARN_DIRECT_OBJC_ISA_USAGE = YES_ERROR;
				CLANG_WARN_DOCUMENTATION_COMMENTS = YES;
				CLANG_WARN_EMPTY_BODY = YES;
				CLANG_WARN_ENUM_CONVERSION = YES;
				CLANG_WARN_INFINITE_RECURSION = YES;
				CLANG_WARN_INT_CONVERSION = YES;
				CLANG_WARN_OBJC_ROOT_CLASS = YES_ERROR;
				CLANG_WARN_SUSPICIOUS_MOVES = YES;
				CLANG_WARN_UNREACHABLE_CODE = YES;
				CLANG_WARN__DUPLICATE_METHOD_MATCH = YES;
				"CODE_SIGN_IDENTITY[sdk=iphoneos*]" = "iPhone Developer";
				COPY_PHASE_STRIP = NO;
				DEBUG_INFORMATION_FORMAT = dwarf;
				ENABLE_STRICT_OBJC_MSGSEND = YES;
				ENABLE_TESTABILITY = YES;
				GCC_C_LANGUAGE_STANDARD = gnu99;
				GCC_DYNAMIC_NO_PIC = NO;
				GCC_NO_COMMON_BLOCKS = YES;
				GCC_OPTIMIZATION_LEVEL = 0;
				GCC_PREPROCESSOR_DEFINITIONS = (
					"DEBUG=1",
					"$(inherited)",
				);
				GCC_WARN_64_TO_32_BIT_CONVERSION = YES;
				GCC_WARN_ABOUT_RETURN_TYPE = YES_ERROR;
				GCC_WARN_UNDECLARED_SELECTOR = YES;
				GCC_WARN_UNINITIALIZED_AUTOS = YES_AGGRESSIVE;
				GCC_WARN_UNUSED_FUNCTION = YES;
				GCC_WARN_UNUSED_VARIABLE = YES;
				IPHONEOS_DEPLOYMENT_TARGET = 10.1;
				MTL_ENABLE_DEBUG_INFO = YES;
				ONLY_ACTIVE_ARCH = YES;
				SDKROOT = iphoneos;
				SWIFT_ACTIVE_COMPILATION_CONDITIONS = DEBUG;
				SWIFT_OPTIMIZATION_LEVEL = "-Onone";
				TARGETED_DEVICE_FAMILY = "1,2";
			};
			name = Debug;
		};
		44F84B331E05634A0038158C /* Release */ = {
			isa = XCBuildConfiguration;
			buildSettings = {
				ALWAYS_SEARCH_USER_PATHS = NO;
				CLANG_ANALYZER_NONNULL = YES;
				CLANG_CXX_LANGUAGE_STANDARD = "gnu++0x";
				CLANG_CXX_LIBRARY = "libc++";
				CLANG_ENABLE_MODULES = YES;
				CLANG_ENABLE_OBJC_ARC = YES;
				CLANG_WARN_BOOL_CONVERSION = YES;
				CLANG_WARN_CONSTANT_CONVERSION = YES;
				CLANG_WARN_DIRECT_OBJC_ISA_USAGE = YES_ERROR;
				CLANG_WARN_DOCUMENTATION_COMMENTS = YES;
				CLANG_WARN_EMPTY_BODY = YES;
				CLANG_WARN_ENUM_CONVERSION = YES;
				CLANG_WARN_INFINITE_RECURSION = YES;
				CLANG_WARN_INT_CONVERSION = YES;
				CLANG_WARN_OBJC_ROOT_CLASS = YES_ERROR;
				CLANG_WARN_SUSPICIOUS_MOVES = YES;
				CLANG_WARN_UNREACHABLE_CODE = YES;
				CLANG_WARN__DUPLICATE_METHOD_MATCH = YES;
				"CODE_SIGN_IDENTITY[sdk=iphoneos*]" = "iPhone Developer";
				COPY_PHASE_STRIP = NO;
				DEBUG_INFORMATION_FORMAT = "dwarf-with-dsym";
				ENABLE_NS_ASSERTIONS = NO;
				ENABLE_STRICT_OBJC_MSGSEND = YES;
				GCC_C_LANGUAGE_STANDARD = gnu99;
				GCC_NO_COMMON_BLOCKS = YES;
				GCC_WARN_64_TO_32_BIT_CONVERSION = YES;
				GCC_WARN_ABOUT_RETURN_TYPE = YES_ERROR;
				GCC_WARN_UNDECLARED_SELECTOR = YES;
				GCC_WARN_UNINITIALIZED_AUTOS = YES_AGGRESSIVE;
				GCC_WARN_UNUSED_FUNCTION = YES;
				GCC_WARN_UNUSED_VARIABLE = YES;
				IPHONEOS_DEPLOYMENT_TARGET = 10.1;
				MTL_ENABLE_DEBUG_INFO = NO;
				SDKROOT = iphoneos;
				SWIFT_OPTIMIZATION_LEVEL = "-Owholemodule";
				TARGETED_DEVICE_FAMILY = "1,2";
				VALIDATE_PRODUCT = YES;
			};
			name = Release;
		};
		44F84B351E05634A0038158C /* Debug */ = {
			isa = XCBuildConfiguration;
			buildSettings = {
				ASSETCATALOG_COMPILER_APPICON_NAME = AppIcon;
				INFOPLIST_FILE = QASampleApp/Info.plist;
				LD_RUNPATH_SEARCH_PATHS = "$(inherited) @executable_path/Frameworks";
				PRODUCT_BUNDLE_IDENTIFIER = krishnika.QASampleApp;
				PRODUCT_NAME = "$(TARGET_NAME)";
				SWIFT_VERSION = 3.0.1;
			};
			name = Debug;
		};
		44F84B361E05634A0038158C /* Release */ = {
			isa = XCBuildConfiguration;
			buildSettings = {
				ASSETCATALOG_COMPILER_APPICON_NAME = AppIcon;
				INFOPLIST_FILE = QASampleApp/Info.plist;
				LD_RUNPATH_SEARCH_PATHS = "$(inherited) @executable_path/Frameworks";
				PRODUCT_BUNDLE_IDENTIFIER = krishnika.QASampleApp;
				PRODUCT_NAME = "$(TARGET_NAME)";
				SWIFT_VERSION = 3.0.1;
			};
			name = Release;
		};
		44F84B381E05634A0038158C /* Debug */ = {
			isa = XCBuildConfiguration;
			buildSettings = {
				ALWAYS_EMBED_SWIFT_STANDARD_LIBRARIES = YES;
				BUNDLE_LOADER = "$(TEST_HOST)";
				INFOPLIST_FILE = QASampleAppTests/Info.plist;
				LD_RUNPATH_SEARCH_PATHS = "$(inherited) @executable_path/Frameworks @loader_path/Frameworks";
				PRODUCT_BUNDLE_IDENTIFIER = krishnika.QASampleAppTests;
				PRODUCT_NAME = "$(TARGET_NAME)";
				SWIFT_VERSION = 3.0;
				TEST_HOST = "$(BUILT_PRODUCTS_DIR)/QASampleApp.app/QASampleApp";
			};
			name = Debug;
		};
		44F84B391E05634A0038158C /* Release */ = {
			isa = XCBuildConfiguration;
			buildSettings = {
				ALWAYS_EMBED_SWIFT_STANDARD_LIBRARIES = YES;
				BUNDLE_LOADER = "$(TEST_HOST)";
				INFOPLIST_FILE = QASampleAppTests/Info.plist;
				LD_RUNPATH_SEARCH_PATHS = "$(inherited) @executable_path/Frameworks @loader_path/Frameworks";
				PRODUCT_BUNDLE_IDENTIFIER = krishnika.QASampleAppTests;
				PRODUCT_NAME = "$(TARGET_NAME)";
				SWIFT_VERSION = 3.0;
				TEST_HOST = "$(BUILT_PRODUCTS_DIR)/QASampleApp.app/QASampleApp";
			};
			name = Release;
		};
		44F84B3B1E05634A0038158C /* Debug */ = {
			isa = XCBuildConfiguration;
			buildSettings = {
				ALWAYS_EMBED_SWIFT_STANDARD_LIBRARIES = YES;
				INFOPLIST_FILE = QASampleAppUITests/Info.plist;
				LD_RUNPATH_SEARCH_PATHS = "$(inherited) @executable_path/Frameworks @loader_path/Frameworks";
				PRODUCT_BUNDLE_IDENTIFIER = krishnika.QASampleAppUITests;
				PRODUCT_NAME = "$(TARGET_NAME)";
				SWIFT_VERSION = 3.0;
				TEST_TARGET_NAME = QASampleApp;
			};
			name = Debug;
		};
		44F84B3C1E05634A0038158C /* Release */ = {
			isa = XCBuildConfiguration;
			buildSettings = {
				ALWAYS_EMBED_SWIFT_STANDARD_LIBRARIES = YES;
				INFOPLIST_FILE = QASampleAppUITests/Info.plist;
				LD_RUNPATH_SEARCH_PATHS = "$(inherited) @executable_path/Frameworks @loader_path/Frameworks";
				PRODUCT_BUNDLE_IDENTIFIER = krishnika.QASampleAppUITests;
				PRODUCT_NAME = "$(TARGET_NAME)";
				SWIFT_VERSION = 3.0;
				TEST_TARGET_NAME = QASampleApp;
			};
			name = Release;
		};
/* End XCBuildConfiguration section */

/* Begin XCConfigurationList section */
		44F84B051E05634A0038158C /* Build configuration list for PBXProject "QASampleApp" */ = {
			isa = XCConfigurationList;
			buildConfigurations = (
				44F84B321E05634A0038158C /* Debug */,
				44F84B331E05634A0038158C /* Release */,
			);
			defaultConfigurationIsVisible = 0;
			defaultConfigurationName = Release;
		};
		44F84B341E05634A0038158C /* Build configuration list for PBXNativeTarget "QASampleApp" */ = {
			isa = XCConfigurationList;
			buildConfigurations = (
				44F84B351E05634A0038158C /* Debug */,
				44F84B361E05634A0038158C /* Release */,
			);
			defaultConfigurationIsVisible = 0;
			defaultConfigurationName = Release;
		};
		44F84B371E05634A0038158C /* Build configuration list for PBXNativeTarget "QASampleAppTests" */ = {
			isa = XCConfigurationList;
			buildConfigurations = (
				44F84B381E05634A0038158C /* Debug */,
				44F84B391E05634A0038158C /* Release */,
			);
			defaultConfigurationIsVisible = 0;
			defaultConfigurationName = Release;
		};
		44F84B3A1E05634A0038158C /* Build configuration list for PBXNativeTarget "QASampleAppUITests" */ = {
			isa = XCConfigurationList;
			buildConfigurations = (
				44F84B3B1E05634A0038158C /* Debug */,
				44F84B3C1E05634A0038158C /* Release */,
			);
			defaultConfigurationIsVisible = 0;
			defaultConfigurationName = Release;
		};
/* End XCConfigurationList section */
	};
	rootObject = 44F84B021E05634A0038158C /* Project object */;
}
